
Microsoft Visual Studio Solution File, Format Version 12.00
# Visual Studio Version 17
VisualStudioVersion = 17.12.35707.178 d17.12
MinimumVisualStudioVersion = 10.0.40219.1
Project("{2150E333-8FDC-42A3-9474-1A3956D46DE8}") = "srcBack", "srcBack", "{FDFF2F3B-DF90-481D-8330-4E35986C1796}"
EndProject
Project("{FAE04EC0-301F-11D3-BF4B-00C04F79EFBC}") = "AnimalsApi", "AnimalsApi\AnimalsApi.csproj", "{A84EA0FF-E34E-44A9-9B17-290E2959A690}"
EndProject
Project("{FAE04EC0-301F-11D3-BF4B-00C04F79EFBC}") = "AnimalsWeb.Domain", "AnimalsWeb.Domain\AnimalsWeb.Domain.csproj", "{311C4C9C-9EDC-4595-A8EF-EB7585A0F35F}"
EndProject
Project("{FAE04EC0-301F-11D3-BF4B-00C04F79EFBC}") = "AnimalsWeb.DataAcces", "AnimalsWeb.DataAcces\AnimalsWeb.DataAcces.csproj", "{CCCE1B0B-1F96-4CD8-B407-34670D9F5C98}"
EndProject
Project("{FAE04EC0-301F-11D3-BF4B-00C04F79EFBC}") = "AnimalsWeb.Service", "AnimalsWeb.Service\AnimalsWeb.Service.csproj", "{88F6BA14-B510-41A8-B722-18374EA9E527}"
EndProject
Project("{2150E333-8FDC-42A3-9474-1A3956D46DE8}") = "srcFront", "srcFront", "{8BEA9E89-B473-42E9-AB6E-2CB3F4C8BA05}"
EndProject
Global
	GlobalSection(SolutionConfigurationPlatforms) = preSolution
		Debug|Any CPU = Debug|Any CPU
		Release|Any CPU = Release|Any CPU
	EndGlobalSection
	GlobalSection(ProjectConfigurationPlatforms) = postSolution
		{A84EA0FF-E34E-44A9-9B17-290E2959A690}.Debug|Any CPU.ActiveCfg = Debug|Any CPU
		{A84EA0FF-E34E-44A9-9B17-290E2959A690}.Debug|Any CPU.Build.0 = Debug|Any CPU
		{A84EA0FF-E34E-44A9-9B17-290E2959A690}.Release|Any CPU.ActiveCfg = Release|Any CPU
		{A84EA0FF-E34E-44A9-9B17-290E2959A690}.Release|Any CPU.Build.0 = Release|Any CPU
		{311C4C9C-9EDC-4595-A8EF-EB7585A0F35F}.Debug|Any CPU.ActiveCfg = Debug|Any CPU
		{311C4C9C-9EDC-4595-A8EF-EB7585A0F35F}.Debug|Any CPU.Build.0 = Debug|Any CPU
		{311C4C9C-9EDC-4595-A8EF-EB7585A0F35F}.Release|Any CPU.ActiveCfg = Release|Any CPU
		{311C4C9C-9EDC-4595-A8EF-EB7585A0F35F}.Release|Any CPU.Build.0 = Release|Any CPU
		{CCCE1B0B-1F96-4CD8-B407-34670D9F5C98}.Debug|Any CPU.ActiveCfg = Debug|Any CPU
		{CCCE1B0B-1F96-4CD8-B407-34670D9F5C98}.Debug|Any CPU.Build.0 = Debug|Any CPU
		{CCCE1B0B-1F96-4CD8-B407-34670D9F5C98}.Release|Any CPU.ActiveCfg = Release|Any CPU
		{CCCE1B0B-1F96-4CD8-B407-34670D9F5C98}.Release|Any CPU.Build.0 = Release|Any CPU
		{88F6BA14-B510-41A8-B722-18374EA9E527}.Debug|Any CPU.ActiveCfg = Debug|Any CPU
		{88F6BA14-B510-41A8-B722-18374EA9E527}.Debug|Any CPU.Build.0 = Debug|Any CPU
		{88F6BA14-B510-41A8-B722-18374EA9E527}.Release|Any CPU.ActiveCfg = Release|Any CPU
		{88F6BA14-B510-41A8-B722-18374EA9E527}.Release|Any CPU.Build.0 = Release|Any CPU
	EndGlobalSection
	GlobalSection(SolutionProperties) = preSolution
		HideSolutionNode = FALSE
	EndGlobalSection
	GlobalSection(NestedProjects) = preSolution
		{A84EA0FF-E34E-44A9-9B17-290E2959A690} = {FDFF2F3B-DF90-481D-8330-4E35986C1796}
		{311C4C9C-9EDC-4595-A8EF-EB7585A0F35F} = {FDFF2F3B-DF90-481D-8330-4E35986C1796}
		{CCCE1B0B-1F96-4CD8-B407-34670D9F5C98} = {FDFF2F3B-DF90-481D-8330-4E35986C1796}
		{88F6BA14-B510-41A8-B722-18374EA9E527} = {FDFF2F3B-DF90-481D-8330-4E35986C1796}
	EndGlobalSection
EndGlobal
